
Microsoft Visual Studio Solution File, Format Version 12.00
Project("{FAE04EC0-301F-11D3-BF4B-00C04F79EFBC}") = "BockingFood", "BockingFood\BockingFood.csproj", "{67DF8CAF-6360-4344-A4FA-2B66860394ED}"
EndProject
Project("{FAE04EC0-301F-11D3-BF4B-00C04F79EFBC}") = "Application", "Application\Application.csproj", "{158C2FB2-9D4B-44C6-9970-591ABF2AA6EF}"
EndProject
Project("{FAE04EC0-301F-11D3-BF4B-00C04F79EFBC}") = "Domain", "Domain\Domain.csproj", "{6106FDDB-47FC-437F-B2FD-594B3461E77C}"
EndProject
Project("{FAE04EC0-301F-11D3-BF4B-00C04F79EFBC}") = "Infrastructure", "Infrastructure\Infrastructure.csproj", "{958BB725-3852-42A7-A090-59A57A8838E0}"
EndProject
Project("{FAE04EC0-301F-11D3-BF4B-00C04F79EFBC}") = "Contract", "Contract\Contract.csproj", "{C0A11C57-4C52-4963-BE9D-C9BA98490AD4}"
EndProject
Global
	GlobalSection(SolutionConfigurationPlatforms) = preSolution
		Debug|Any CPU = Debug|Any CPU
		Release|Any CPU = Release|Any CPU
	EndGlobalSection
	GlobalSection(ProjectConfigurationPlatforms) = postSolution
		{67DF8CAF-6360-4344-A4FA-2B66860394ED}.Debug|Any CPU.ActiveCfg = Debug|Any CPU
		{67DF8CAF-6360-4344-A4FA-2B66860394ED}.Debug|Any CPU.Build.0 = Debug|Any CPU
		{67DF8CAF-6360-4344-A4FA-2B66860394ED}.Release|Any CPU.ActiveCfg = Release|Any CPU
		{67DF8CAF-6360-4344-A4FA-2B66860394ED}.Release|Any CPU.Build.0 = Release|Any CPU
		{158C2FB2-9D4B-44C6-9970-591ABF2AA6EF}.Debug|Any CPU.ActiveCfg = Debug|Any CPU
		{158C2FB2-9D4B-44C6-9970-591ABF2AA6EF}.Debug|Any CPU.Build.0 = Debug|Any CPU
		{158C2FB2-9D4B-44C6-9970-591ABF2AA6EF}.Release|Any CPU.ActiveCfg = Release|Any CPU
		{158C2FB2-9D4B-44C6-9970-591ABF2AA6EF}.Release|Any CPU.Build.0 = Release|Any CPU
		{6106FDDB-47FC-437F-B2FD-594B3461E77C}.Debug|Any CPU.ActiveCfg = Debug|Any CPU
		{6106FDDB-47FC-437F-B2FD-594B3461E77C}.Debug|Any CPU.Build.0 = Debug|Any CPU
		{6106FDDB-47FC-437F-B2FD-594B3461E77C}.Release|Any CPU.ActiveCfg = Release|Any CPU
		{6106FDDB-47FC-437F-B2FD-594B3461E77C}.Release|Any CPU.Build.0 = Release|Any CPU
		{958BB725-3852-42A7-A090-59A57A8838E0}.Debug|Any CPU.ActiveCfg = Debug|Any CPU
		{958BB725-3852-42A7-A090-59A57A8838E0}.Debug|Any CPU.Build.0 = Debug|Any CPU
		{958BB725-3852-42A7-A090-59A57A8838E0}.Release|Any CPU.ActiveCfg = Release|Any CPU
		{958BB725-3852-42A7-A090-59A57A8838E0}.Release|Any CPU.Build.0 = Release|Any CPU
		{C0A11C57-4C52-4963-BE9D-C9BA98490AD4}.Debug|Any CPU.ActiveCfg = Debug|Any CPU
		{C0A11C57-4C52-4963-BE9D-C9BA98490AD4}.Debug|Any CPU.Build.0 = Debug|Any CPU
		{C0A11C57-4C52-4963-BE9D-C9BA98490AD4}.Release|Any CPU.ActiveCfg = Release|Any CPU
		{C0A11C57-4C52-4963-BE9D-C9BA98490AD4}.Release|Any CPU.Build.0 = Release|Any CPU
	EndGlobalSection
EndGlobal
